
Microsoft Visual Studio Solution File, Format Version 12.00
# Visual Studio Version 16
VisualStudioVersion = 16.0.808.4
MinimumVisualStudioVersion = 10.0.40219.1
Project("{FAE04EC0-301F-11D3-BF4B-00C04F79EFBC}") = "PickACardBlazor", "PickACardBlazor\PickACardBlazor.csproj", "{46547FA7-6F9F-4922-B1D3-9E4A1267B8FA}"
EndProject
Global
	GlobalSection(SolutionConfigurationPlatforms) = preSolution
		Debug|Any CPU = Debug|Any CPU
		Release|Any CPU = Release|Any CPU
	EndGlobalSection
	GlobalSection(ProjectConfigurationPlatforms) = postSolution
		{46547FA7-6F9F-4922-B1D3-9E4A1267B8FA}.Debug|Any CPU.ActiveCfg = Debug|Any CPU
		{46547FA7-6F9F-4922-B1D3-9E4A1267B8FA}.Debug|Any CPU.Build.0 = Debug|Any CPU
		{46547FA7-6F9F-4922-B1D3-9E4A1267B8FA}.Release|Any CPU.ActiveCfg = Release|Any CPU
		{46547FA7-6F9F-4922-B1D3-9E4A1267B8FA}.Release|Any CPU.Build.0 = Release|Any CPU
	EndGlobalSection
	GlobalSection(SolutionProperties) = preSolution
		HideSolutionNode = FALSE
	EndGlobalSection
	GlobalSection(ExtensibilityGlobals) = postSolution
		SolutionGuid = {CD234209-3C9B-4B6D-A216-AC47F923DB43}
	EndGlobalSection
EndGlobal
